
Microsoft Visual Studio Solution File, Format Version 12.00
# Visual Studio Version 17
VisualStudioVersion = 17.11.35327.3
MinimumVisualStudioVersion = 10.0.40219.1
Project("{9A19103F-16F7-4668-BE54-9A1E7A4F7556}") = "OfficeParkingAndBooking.Data", "OfficeParkingAndBooking.Data\OfficeParkingAndBooking.Data.csproj", "{2B7A27D5-7868-440E-8FAB-0387EE1E394C}"
EndProject
Project("{FAE04EC0-301F-11D3-BF4B-00C04F79EFBC}") = "OfficeAndParkingAPI", "OfficeAndParkingAPI\OfficeAndParkingAPI.csproj", "{FFAB9D19-14B6-4D35-A061-08DDE73AECBA}"
EndProject
Project("{FAE04EC0-301F-11D3-BF4B-00C04F79EFBC}") = "OfficeAndParkingTests", "OfficeAndParkingTest\OfficeAndParkingTests.csproj", "{B4271DC2-492D-41F6-9F31-B17788D8B1F4}"
EndProject
Global
	GlobalSection(SolutionConfigurationPlatforms) = preSolution
		Debug|Any CPU = Debug|Any CPU
		Release|Any CPU = Release|Any CPU
	EndGlobalSection
	GlobalSection(ProjectConfigurationPlatforms) = postSolution
		{2B7A27D5-7868-440E-8FAB-0387EE1E394C}.Debug|Any CPU.ActiveCfg = Debug|Any CPU
		{2B7A27D5-7868-440E-8FAB-0387EE1E394C}.Debug|Any CPU.Build.0 = Debug|Any CPU
		{2B7A27D5-7868-440E-8FAB-0387EE1E394C}.Release|Any CPU.ActiveCfg = Release|Any CPU
		{2B7A27D5-7868-440E-8FAB-0387EE1E394C}.Release|Any CPU.Build.0 = Release|Any CPU
		{FFAB9D19-14B6-4D35-A061-08DDE73AECBA}.Debug|Any CPU.ActiveCfg = Debug|Any CPU
		{FFAB9D19-14B6-4D35-A061-08DDE73AECBA}.Debug|Any CPU.Build.0 = Debug|Any CPU
		{FFAB9D19-14B6-4D35-A061-08DDE73AECBA}.Release|Any CPU.ActiveCfg = Release|Any CPU
		{FFAB9D19-14B6-4D35-A061-08DDE73AECBA}.Release|Any CPU.Build.0 = Release|Any CPU
		{B4271DC2-492D-41F6-9F31-B17788D8B1F4}.Debug|Any CPU.ActiveCfg = Debug|Any CPU
		{B4271DC2-492D-41F6-9F31-B17788D8B1F4}.Debug|Any CPU.Build.0 = Debug|Any CPU
		{B4271DC2-492D-41F6-9F31-B17788D8B1F4}.Release|Any CPU.ActiveCfg = Release|Any CPU
		{B4271DC2-492D-41F6-9F31-B17788D8B1F4}.Release|Any CPU.Build.0 = Release|Any CPU
	EndGlobalSection
	GlobalSection(SolutionProperties) = preSolution
		HideSolutionNode = FALSE
	EndGlobalSection
	GlobalSection(ExtensibilityGlobals) = postSolution
		SolutionGuid = {9E7F5E68-95A2-4D5F-9D85-150684C430D4}
	EndGlobalSection
EndGlobal
